
Microsoft Visual Studio Solution File, Format Version 12.00
# Visual Studio Version 16
VisualStudioVersion = 16.0.31729.503
MinimumVisualStudioVersion = 10.0.40219.1
Project("{FAE04EC0-301F-11D3-BF4B-00C04F79EFBC}") = "WhatKindOfTriangle", "WhatKindOfTriangle.csproj", "{3CF1B7BB-19DE-4E67-8380-D56D68A69E61}"
EndProject
Global
	GlobalSection(SolutionConfigurationPlatforms) = preSolution
		Debug|Any CPU = Debug|Any CPU
		Release|Any CPU = Release|Any CPU
	EndGlobalSection
	GlobalSection(ProjectConfigurationPlatforms) = postSolution
		{3CF1B7BB-19DE-4E67-8380-D56D68A69E61}.Debug|Any CPU.ActiveCfg = Debug|Any CPU
		{3CF1B7BB-19DE-4E67-8380-D56D68A69E61}.Debug|Any CPU.Build.0 = Debug|Any CPU
		{3CF1B7BB-19DE-4E67-8380-D56D68A69E61}.Release|Any CPU.ActiveCfg = Release|Any CPU
		{3CF1B7BB-19DE-4E67-8380-D56D68A69E61}.Release|Any CPU.Build.0 = Release|Any CPU
	EndGlobalSection
	GlobalSection(SolutionProperties) = preSolution
		HideSolutionNode = FALSE
	EndGlobalSection
	GlobalSection(ExtensibilityGlobals) = postSolution
		SolutionGuid = {AFE36FDF-3F8E-4D30-B717-B835FE4A555C}
	EndGlobalSection
EndGlobal
